Microsoft Visual Studio Solution File, Format Version 12.00
# Visual Studio 15
VisualStudioVersion = 15.0.28010.2016
MinimumVisualStudioVersion = 10.0.40219.1
Project("{8BC9CEB8-8B4A-11D0-8D11-00A0C91BC942}") = "Dice4D", "Dice4D.vcxproj", "{01329236-FA84-4906-B37E-FEF1743D582E}"
EndProject
Global
	GlobalSection(SolutionConfigurationPlatforms) = preSolution
		Debug|Win32 = Debug|Win32
		Release|Win32 = Release|Win32
	EndGlobalSection
	GlobalSection(ProjectConfigurationPlatforms) = postSolution
		{01329236-FA84-4906-B37E-FEF1743D582E}.Debug|Win32.ActiveCfg = Debug|Win32
		{01329236-FA84-4906-B37E-FEF1743D582E}.Debug|Win32.Build.0 = Debug|Win32
		{01329236-FA84-4906-B37E-FEF1743D582E}.Release|Win32.ActiveCfg = Release|Win32
		{01329236-FA84-4906-B37E-FEF1743D582E}.Release|Win32.Build.0 = Release|Win32
	EndGlobalSection
	GlobalSection(SolutionProperties) = preSolution
		HideSolutionNode = FALSE
	EndGlobalSection
	GlobalSection(ExtensibilityGlobals) = postSolution
		SolutionGuid = {C58C63CD-9A98-4894-A378-78371875ECA5}
	EndGlobalSection
EndGlobal
